
Microsoft Visual Studio Solution File, Format Version 12.00
# Visual Studio 15
VisualStudioVersion = 15.0.28010.2016
MinimumVisualStudioVersion = 10.0.40219.1
Project("{9A19103F-16F7-4668-BE54-9A1E7A4F7556}") = "MNIST_Sample", "MNIST_Sample\MNIST_Sample.csproj", "{B0694336-6794-431C-B71F-8A93F88F88D1}"
EndProject
Global
	GlobalSection(SolutionConfigurationPlatforms) = preSolution
		Debug|Any CPU = Debug|Any CPU
		Release|Any CPU = Release|Any CPU
	EndGlobalSection
	GlobalSection(ProjectConfigurationPlatforms) = postSolution
		{B0694336-6794-431C-B71F-8A93F88F88D1}.Debug|Any CPU.ActiveCfg = Debug|Any CPU
		{B0694336-6794-431C-B71F-8A93F88F88D1}.Debug|Any CPU.Build.0 = Debug|Any CPU
		{B0694336-6794-431C-B71F-8A93F88F88D1}.Release|Any CPU.ActiveCfg = Release|Any CPU
		{B0694336-6794-431C-B71F-8A93F88F88D1}.Release|Any CPU.Build.0 = Release|Any CPU
	EndGlobalSection
	GlobalSection(SolutionProperties) = preSolution
		HideSolutionNode = FALSE
	EndGlobalSection
	GlobalSection(ExtensibilityGlobals) = postSolution
		SolutionGuid = {CE07E5E0-BAD7-4257-A2F2-8521C2E67532}
	EndGlobalSection
EndGlobal
